
Microsoft Visual Studio Solution File, Format Version 12.00
# Visual Studio 15
VisualStudioVersion = 15.0.26228.9
MinimumVisualStudioVersion = 10.0.40219.1
Project("{FAE04EC0-301F-11D3-BF4B-00C04F79EFBC}") = "AutomationPracticeTest", "AutomationPracticeTest\AutomationPracticeTest.csproj", "{F5125AD9-0BC8-4EE6-B515-27D680CB4D0C}"
EndProject
Project("{FAE04EC0-301F-11D3-BF4B-00C04F79EFBC}") = "AutomationPractice", "AutomationPractice\AutomationPractice.csproj", "{1621BC73-B54C-4B21-BC68-77228D1F3DFA}"
EndProject
Project("{FAE04EC0-301F-11D3-BF4B-00C04F79EFBC}") = "AutoPracticeInjection", "AutoPracticeInjection\AutoPracticeInjection.csproj", "{B7534BC0-54D0-4571-B66F-DE97E6847622}"
EndProject
Global
	GlobalSection(SolutionConfigurationPlatforms) = preSolution
		Debug|Any CPU = Debug|Any CPU
		Release|Any CPU = Release|Any CPU
	EndGlobalSection
	GlobalSection(ProjectConfigurationPlatforms) = postSolution
		{F5125AD9-0BC8-4EE6-B515-27D680CB4D0C}.Debug|Any CPU.ActiveCfg = Debug|Any CPU
		{F5125AD9-0BC8-4EE6-B515-27D680CB4D0C}.Debug|Any CPU.Build.0 = Debug|Any CPU
		{F5125AD9-0BC8-4EE6-B515-27D680CB4D0C}.Release|Any CPU.ActiveCfg = Release|Any CPU
		{F5125AD9-0BC8-4EE6-B515-27D680CB4D0C}.Release|Any CPU.Build.0 = Release|Any CPU
		{1621BC73-B54C-4B21-BC68-77228D1F3DFA}.Debug|Any CPU.ActiveCfg = Debug|Any CPU
		{1621BC73-B54C-4B21-BC68-77228D1F3DFA}.Debug|Any CPU.Build.0 = Debug|Any CPU
		{1621BC73-B54C-4B21-BC68-77228D1F3DFA}.Release|Any CPU.ActiveCfg = Release|Any CPU
		{1621BC73-B54C-4B21-BC68-77228D1F3DFA}.Release|Any CPU.Build.0 = Release|Any CPU
		{B7534BC0-54D0-4571-B66F-DE97E6847622}.Debug|Any CPU.ActiveCfg = Debug|Any CPU
		{B7534BC0-54D0-4571-B66F-DE97E6847622}.Debug|Any CPU.Build.0 = Debug|Any CPU
		{B7534BC0-54D0-4571-B66F-DE97E6847622}.Release|Any CPU.ActiveCfg = Release|Any CPU
		{B7534BC0-54D0-4571-B66F-DE97E6847622}.Release|Any CPU.Build.0 = Release|Any CPU
	EndGlobalSection
	GlobalSection(SolutionProperties) = preSolution
		HideSolutionNode = FALSE
	EndGlobalSection
	GlobalSection(ExtensibilityGlobals) = postSolution
		SolutionGuid = {67AA3278-B511-4360-B5C7-CA1FDB517ECB}
	EndGlobalSection
EndGlobal
